// !$*UTF8*$!
{
	archiveVersion = 1;
	classes = {
	};
	objectVersion = 46;
	objects = {

/* Begin PBXBuildFile section */
		EA0F5EA31545D5EB00AD9AC7 /* UIKit.framework in Frameworks */ = {isa = PBXBuildFile; fileRef = EA0F5EA21545D5EB00AD9AC7 /* UIKit.framework */; };
		EA0F5EA51545D5EB00AD9AC7 /* Foundation.framework in Frameworks */ = {isa = PBXBuildFile; fileRef = EA0F5EA41545D5EB00AD9AC7 /* Foundation.framework */; };
		EA0F5EA71545D5EB00AD9AC7 /* CoreGraphics.framework in Frameworks */ = {isa = PBXBuildFile; fileRef = EA0F5EA61545D5EB00AD9AC7 /* CoreGraphics.framework */; };
		EA0F5EAD1545D5EB00AD9AC7 /* InfoPlist.strings in Resources */ = {isa = PBXBuildFile; fileRef = EA0F5EAB1545D5EB00AD9AC7 /* InfoPlist.strings */; };
		EA0F5EAF1545D5EB00AD9AC7 /* main.m in Sources */ = {isa = PBXBuildFile; fileRef = EA0F5EAE1545D5EB00AD9AC7 /* main.m */; };
		EA0F5EB31545D5EB00AD9AC7 /* MCAppDelegate.m in Sources */ = {isa = PBXBuildFile; fileRef = EA0F5EB21545D5EB00AD9AC7 /* MCAppDelegate.m */; };
		EA0F5EB61545D5EB00AD9AC7 /* MCViewController.m in Sources */ = {isa = PBXBuildFile; fileRef = EA0F5EB51545D5EB00AD9AC7 /* MCViewController.m */; };
		EA0F5EB91545D5EB00AD9AC7 /* MCViewController.xib in Resources */ = {isa = PBXBuildFile; fileRef = EA0F5EB71545D5EB00AD9AC7 /* MCViewController.xib */; };
		EA0F5EC11545D62A00AD9AC7 /* MCPlayer.m in Sources */ = {isa = PBXBuildFile; fileRef = EA0F5EC01545D62A00AD9AC7 /* MCPlayer.m */; };
		EA0F5EC61545D64700AD9AC7 /* MCAuth.m in Sources */ = {isa = PBXBuildFile; fileRef = EA0F5EC51545D64700AD9AC7 /* MCAuth.m */; };
		EA0F5EC91545DF1700AD9AC7 /* MCSocket.m in Sources */ = {isa = PBXBuildFile; fileRef = EA0F5EC81545DF1700AD9AC7 /* MCSocket.m */; };
		EA0F5ECC1545E70F00AD9AC7 /* MCPacket.m in Sources */ = {isa = PBXBuildFile; fileRef = EA0F5ECB1545E70F00AD9AC7 /* MCPacket.m */; };
		EA0F5ECD1545E98B00AD9AC7 /* MCString.m in Sources */ = {isa = PBXBuildFile; fileRef = EA0F5EC31545D64000AD9AC7 /* MCString.m */; };
		EA0F5ECF1545FB1400AD9AC7 /* libiconv.dylib in Frameworks */ = {isa = PBXBuildFile; fileRef = EA0F5ECE1545FB1400AD9AC7 /* libiconv.dylib */; };
		EA63E7711546D8E60047F97C /* MCEntity.m in Sources */ = {isa = PBXBuildFile; fileRef = EA63E7701546D8E60047F97C /* MCEntity.m */; };
		EA63E7741546DA720047F97C /* MCColor.m in Sources */ = {isa = PBXBuildFile; fileRef = EA63E7731546DA720047F97C /* MCColor.m */; };
		EA63E77F1546E9B60047F97C /* CoreText.framework in Frameworks */ = {isa = PBXBuildFile; fileRef = EA63E77E1546E9B60047F97C /* CoreText.framework */; };
		EAE4F2F81546FB510070076E /* MCMetadata.m in Sources */ = {isa = PBXBuildFile; fileRef = EAE4F2F71546FB510070076E /* MCMetadata.m */; };
		EAE4F2FC1546FB820070076E /* MCEffect.m in Sources */ = {isa = PBXBuildFile; fileRef = EAE4F2FB1546FB820070076E /* MCEffect.m */; };
		EAE4F2FF154874120070076E /* MCSlot.m in Sources */ = {isa = PBXBuildFile; fileRef = EAE4F2FE154874120070076E /* MCSlot.m */; };
		EAE4F30215487C390070076E /* MCWindow.m in Sources */ = {isa = PBXBuildFile; fileRef = EAE4F30115487C390070076E /* MCWindow.m */; };
		EAE4F304154890F70070076E /* libz.dylib in Frameworks */ = {isa = PBXBuildFile; fileRef = EAE4F303154890F70070076E /* libz.dylib */; };
		EAE4F3071548922A0070076E /* NSData+UserAdditions.m in Sources */ = {isa = PBXBuildFile; fileRef = EAE4F3061548922A0070076E /* NSData+UserAdditions.m */; };
		EAF21EA7154ABCD500685F0A /* MCChatPacket.m in Sources */ = {isa = PBXBuildFile; fileRef = EAF21EA6154ABCD500685F0A /* MCChatPacket.m */; };
		EAF21EB6154ABEEE00685F0A /* MCLoginPacket.m in Sources */ = {isa = PBXBuildFile; fileRef = EAF21EB5154ABEEE00685F0A /* MCLoginPacket.m */; };
		EAF21EBD154AC32B00685F0A /* MCHandshakePacket.m in Sources */ = {isa = PBXBuildFile; fileRef = EAF21EBC154AC32B00685F0A /* MCHandshakePacket.m */; };
		EAF21EC0154AC49100685F0A /* MCSendPacket.m in Sources */ = {isa = PBXBuildFile; fileRef = EAF21EBF154AC46F00685F0A /* MCSendPacket.m */; };
/* End PBXBuildFile section */

/* Begin PBXFileReference section */
		EA0F5E9E1545D5EB00AD9AC7 /* Craftplayer.app */ = {isa = PBXFileReference; explicitFileType = wrapper.application; includeInIndex = 0; path = Craftplayer.app; sourceTree = BUILT_PRODUCTS_DIR; };
		EA0F5EA21545D5EB00AD9AC7 /* UIKit.framework */ = {isa = PBXFileReference; lastKnownFileType = wrapper.framework; name = UIKit.framework; path = System/Library/Frameworks/UIKit.framework; sourceTree = SDKROOT; };
		EA0F5EA41545D5EB00AD9AC7 /* Foundation.framework */ = {isa = PBXFileReference; lastKnownFileType = wrapper.framework; name = Foundation.framework; path = System/Library/Frameworks/Foundation.framework; sourceTree = SDKROOT; };
		EA0F5EA61545D5EB00AD9AC7 /* CoreGraphics.framework */ = {isa = PBXFileReference; lastKnownFileType = wrapper.framework; name = CoreGraphics.framework; path = System/Library/Frameworks/CoreGraphics.framework; sourceTree = SDKROOT; };
		EA0F5EAA1545D5EB00AD9AC7 /* Craftplayer-Info.plist */ = {isa = PBXFileReference; lastKnownFileType = text.plist.xml; path = "Craftplayer-Info.plist"; sourceTree = "<group>"; };
		EA0F5EAC1545D5EB00AD9AC7 /* en */ = {isa = PBXFileReference; lastKnownFileType = text.plist.strings; name = en; path = en.lproj/InfoPlist.strings; sourceTree = "<group>"; };
		EA0F5EAE1545D5EB00AD9AC7 /* main.m */ = {isa = PBXFileReference; lastKnownFileType = sourcecode.c.objc; path = main.m; sourceTree = "<group>"; };
		EA0F5EB01545D5EB00AD9AC7 /* Craftplayer-Prefix.pch */ = {isa = PBXFileReference; lastKnownFileType = sourcecode.c.h; path = "Craftplayer-Prefix.pch"; sourceTree = "<group>"; };
		EA0F5EB11545D5EB00AD9AC7 /* MCAppDelegate.h */ = {isa = PBXFileReference; lastKnownFileType = sourcecode.c.h; path = MCAppDelegate.h; sourceTree = "<group>"; };
		EA0F5EB21545D5EB00AD9AC7 /* MCAppDelegate.m */ = {isa = PBXFileReference; lastKnownFileType = sourcecode.c.objc; path = MCAppDelegate.m; sourceTree = "<group>"; };
		EA0F5EB41545D5EB00AD9AC7 /* MCViewController.h */ = {isa = PBXFileReference; lastKnownFileType = sourcecode.c.h; path = MCViewController.h; sourceTree = "<group>"; };
		EA0F5EB51545D5EB00AD9AC7 /* MCViewController.m */ = {isa = PBXFileReference; lastKnownFileType = sourcecode.c.objc; path = MCViewController.m; sourceTree = "<group>"; };
		EA0F5EB81545D5EB00AD9AC7 /* en */ = {isa = PBXFileReference; lastKnownFileType = file.xib; name = en; path = en.lproj/MCViewController.xib; sourceTree = "<group>"; };
		EA0F5EBF1545D62A00AD9AC7 /* MCPlayer.h */ = {isa = PBXFileReference; fileEncoding = 4; lastKnownFileType = sourcecode.c.h; path = MCPlayer.h; sourceTree = "<group>"; };
		EA0F5EC01545D62A00AD9AC7 /* MCPlayer.m */ = {isa = PBXFileReference; fileEncoding = 4; lastKnownFileType = sourcecode.c.objc; path = MCPlayer.m; sourceTree = "<group>"; };
		EA0F5EC21545D64000AD9AC7 /* MCString.h */ = {isa = PBXFileReference; lastKnownFileType = sourcecode.c.h; path = MCString.h; sourceTree = "<group>"; };
		EA0F5EC31545D64000AD9AC7 /* MCString.m */ = {isa = PBXFileReference; lastKnownFileType = sourcecode.c.objc; path = MCString.m; sourceTree = "<group>"; };
		EA0F5EC41545D64700AD9AC7 /* MCAuth.h */ = {isa = PBXFileReference; fileEncoding = 4; lastKnownFileType = sourcecode.c.h; path = MCAuth.h; sourceTree = "<group>"; };
		EA0F5EC51545D64700AD9AC7 /* MCAuth.m */ = {isa = PBXFileReference; fileEncoding = 4; lastKnownFileType = sourcecode.c.objc; path = MCAuth.m; sourceTree = "<group>"; };
		EA0F5EC71545DF1700AD9AC7 /* MCSocket.h */ = {isa = PBXFileReference; fileEncoding = 4; lastKnownFileType = sourcecode.c.h; path = MCSocket.h; sourceTree = "<group>"; };
		EA0F5EC81545DF1700AD9AC7 /* MCSocket.m */ = {isa = PBXFileReference; fileEncoding = 4; lastKnownFileType = sourcecode.c.objc; path = MCSocket.m; sourceTree = "<group>"; };
		EA0F5ECA1545E70F00AD9AC7 /* MCPacket.h */ = {isa = PBXFileReference; fileEncoding = 4; lastKnownFileType = sourcecode.c.h; path = MCPacket.h; sourceTree = "<group>"; };
		EA0F5ECB1545E70F00AD9AC7 /* MCPacket.m */ = {isa = PBXFileReference; fileEncoding = 4; lastKnownFileType = sourcecode.c.objc; path = MCPacket.m; sourceTree = "<group>"; };
		EA0F5ECE1545FB1400AD9AC7 /* libiconv.dylib */ = {isa = PBXFileReference; lastKnownFileType = "compiled.mach-o.dylib"; name = libiconv.dylib; path = usr/lib/libiconv.dylib; sourceTree = SDKROOT; };
		EA63E76F1546D8E60047F97C /* MCEntity.h */ = {isa = PBXFileReference; fileEncoding = 4; lastKnownFileType = sourcecode.c.h; path = MCEntity.h; sourceTree = "<group>"; };
		EA63E7701546D8E60047F97C /* MCEntity.m */ = {isa = PBXFileReference; fileEncoding = 4; lastKnownFileType = sourcecode.c.objc; path = MCEntity.m; sourceTree = "<group>"; };
		EA63E7721546DA710047F97C /* MCColor.h */ = {isa = PBXFileReference; fileEncoding = 4; lastKnownFileType = sourcecode.c.h; path = MCColor.h; sourceTree = "<group>"; };
		EA63E7731546DA720047F97C /* MCColor.m */ = {isa = PBXFileReference; fileEncoding = 4; lastKnownFileType = sourcecode.c.objc; path = MCColor.m; sourceTree = "<group>"; };
		EA63E77E1546E9B60047F97C /* CoreText.framework */ = {isa = PBXFileReference; lastKnownFileType = wrapper.framework; name = CoreText.framework; path = System/Library/Frameworks/CoreText.framework; sourceTree = SDKROOT; };
		EAD1426B154A9B70002EF252 /* MCSocketDelegate.h */ = {isa = PBXFileReference; lastKnownFileType = sourcecode.c.h; path = MCSocketDelegate.h; sourceTree = "<group>"; };
		EAE4F2F61546FB510070076E /* MCMetadata.h */ = {isa = PBXFileReference; fileEncoding = 4; lastKnownFileType = sourcecode.c.h; path = MCMetadata.h; sourceTree = "<group>"; };
		EAE4F2F71546FB510070076E /* MCMetadata.m */ = {isa = PBXFileReference; fileEncoding = 4; lastKnownFileType = sourcecode.c.objc; path = MCMetadata.m; sourceTree = "<group>"; };
		EAE4F2FA1546FB820070076E /* MCEffect.h */ = {isa = PBXFileReference; fileEncoding = 4; lastKnownFileType = sourcecode.c.h; path = MCEffect.h; sourceTree = "<group>"; };
		EAE4F2FB1546FB820070076E /* MCEffect.m */ = {isa = PBXFileReference; fileEncoding = 4; lastKnownFileType = sourcecode.c.objc; path = MCEffect.m; sourceTree = "<group>"; };
		EAE4F2FD154874120070076E /* MCSlot.h */ = {isa = PBXFileReference; fileEncoding = 4; lastKnownFileType = sourcecode.c.h; path = MCSlot.h; sourceTree = "<group>"; };
		EAE4F2FE154874120070076E /* MCSlot.m */ = {isa = PBXFileReference; fileEncoding = 4; lastKnownFileType = sourcecode.c.objc; path = MCSlot.m; sourceTree = "<group>"; };
		EAE4F30015487C390070076E /* MCWindow.h */ = {isa = PBXFileReference; fileEncoding = 4; lastKnownFileType = sourcecode.c.h; path = MCWindow.h; sourceTree = "<group>"; };
		EAE4F30115487C390070076E /* MCWindow.m */ = {isa = PBXFileReference; fileEncoding = 4; lastKnownFileType = sourcecode.c.objc; path = MCWindow.m; sourceTree = "<group>"; };
		EAE4F303154890F70070076E /* libz.dylib */ = {isa = PBXFileReference; lastKnownFileType = "compiled.mach-o.dylib"; name = libz.dylib; path = usr/lib/libz.dylib; sourceTree = SDKROOT; };
		EAE4F3051548922A0070076E /* NSData+UserAdditions.h */ = {isa = PBXFileReference; fileEncoding = 4; lastKnownFileType = sourcecode.c.h; path = "NSData+UserAdditions.h"; sourceTree = "<group>"; };
		EAE4F3061548922A0070076E /* NSData+UserAdditions.m */ = {isa = PBXFileReference; fileEncoding = 4; lastKnownFileType = sourcecode.c.objc; path = "NSData+UserAdditions.m"; sourceTree = "<group>"; };
		EAF21EA5154ABCD500685F0A /* MCChatPacket.h */ = {isa = PBXFileReference; fileEncoding = 4; lastKnownFileType = sourcecode.c.h; path = MCChatPacket.h; sourceTree = "<group>"; };
		EAF21EA6154ABCD500685F0A /* MCChatPacket.m */ = {isa = PBXFileReference; fileEncoding = 4; lastKnownFileType = sourcecode.c.objc; path = MCChatPacket.m; sourceTree = "<group>"; };
		EAF21EB4154ABEEE00685F0A /* MCLoginPacket.h */ = {isa = PBXFileReference; fileEncoding = 4; lastKnownFileType = sourcecode.c.h; path = MCLoginPacket.h; sourceTree = "<group>"; };
		EAF21EB5154ABEEE00685F0A /* MCLoginPacket.m */ = {isa = PBXFileReference; fileEncoding = 4; lastKnownFileType = sourcecode.c.objc; path = MCLoginPacket.m; sourceTree = "<group>"; };
		EAF21EBB154AC32B00685F0A /* MCHandshakePacket.h */ = {isa = PBXFileReference; fileEncoding = 4; lastKnownFileType = sourcecode.c.h; path = MCHandshakePacket.h; sourceTree = "<group>"; };
		EAF21EBC154AC32B00685F0A /* MCHandshakePacket.m */ = {isa = PBXFileReference; fileEncoding = 4; lastKnownFileType = sourcecode.c.objc; path = MCHandshakePacket.m; sourceTree = "<group>"; };
		EAF21EBE154AC46F00685F0A /* MCSendPacket.h */ = {isa = PBXFileReference; lastKnownFileType = sourcecode.c.h; path = MCSendPacket.h; sourceTree = "<group>"; };
		EAF21EBF154AC46F00685F0A /* MCSendPacket.m */ = {isa = PBXFileReference; lastKnownFileType = sourcecode.c.objc; path = MCSendPacket.m; sourceTree = "<group>"; };
/* End PBXFileReference section */

/* Begin PBXFrameworksBuildPhase section */
		EA0F5E9B1545D5EB00AD9AC7 /* Frameworks */ = {
			isa = PBXFrameworksBuildPhase;
			buildActionMask = 2147483647;
			files = (
				EA63E77F1546E9B60047F97C /* CoreText.framework in Frameworks */,
				EAE4F304154890F70070076E /* libz.dylib in Frameworks */,
				EA0F5ECF1545FB1400AD9AC7 /* libiconv.dylib in Frameworks */,
				EA0F5EA31545D5EB00AD9AC7 /* UIKit.framework in Frameworks */,
				EA0F5EA51545D5EB00AD9AC7 /* Foundation.framework in Frameworks */,
				EA0F5EA71545D5EB00AD9AC7 /* CoreGraphics.framework in Frameworks */,
			);
			runOnlyForDeploymentPostprocessing = 0;
		};
/* End PBXFrameworksBuildPhase section */

/* Begin PBXGroup section */
		EA0F5E931545D5EB00AD9AC7 = {
			isa = PBXGroup;
			children = (
				EA0F5EA81545D5EB00AD9AC7 /* Craftplayer */,
				EA0F5EA11545D5EB00AD9AC7 /* Frameworks */,
				EA0F5E9F1545D5EB00AD9AC7 /* Products */,
			);
			sourceTree = "<group>";
		};
		EA0F5E9F1545D5EB00AD9AC7 /* Products */ = {
			isa = PBXGroup;
			children = (
				EA0F5E9E1545D5EB00AD9AC7 /* Craftplayer.app */,
			);
			name = Products;
			sourceTree = "<group>";
		};
		EA0F5EA11545D5EB00AD9AC7 /* Frameworks */ = {
			isa = PBXGroup;
			children = (
				EAE4F303154890F70070076E /* libz.dylib */,
				EA63E77E1546E9B60047F97C /* CoreText.framework */,
				EA0F5ECE1545FB1400AD9AC7 /* libiconv.dylib */,
				EA0F5EA21545D5EB00AD9AC7 /* UIKit.framework */,
				EA0F5EA41545D5EB00AD9AC7 /* Foundation.framework */,
				EA0F5EA61545D5EB00AD9AC7 /* CoreGraphics.framework */,
			);
			name = Frameworks;
			sourceTree = "<group>";
		};
		EA0F5EA81545D5EB00AD9AC7 /* Craftplayer */ = {
			isa = PBXGroup;
			children = (
				EAF21EA4154ABC4F00685F0A /* MCSendPacket */,
				EA63E7721546DA710047F97C /* MCColor.h */,
				EA63E7731546DA720047F97C /* MCColor.m */,
				EAE4F2FA1546FB820070076E /* MCEffect.h */,
				EAE4F2FB1546FB820070076E /* MCEffect.m */,
				EAE4F2F61546FB510070076E /* MCMetadata.h */,
				EAE4F2F71546FB510070076E /* MCMetadata.m */,
				EA63E76F1546D8E60047F97C /* MCEntity.h */,
				EA63E7701546D8E60047F97C /* MCEntity.m */,
				EA0F5EB11545D5EB00AD9AC7 /* MCAppDelegate.h */,
				EA0F5EB21545D5EB00AD9AC7 /* MCAppDelegate.m */,
				EA0F5EB41545D5EB00AD9AC7 /* MCViewController.h */,
				EA0F5EB51545D5EB00AD9AC7 /* MCViewController.m */,
				EA0F5EB71545D5EB00AD9AC7 /* MCViewController.xib */,
				EA0F5EC71545DF1700AD9AC7 /* MCSocket.h */,
				EA0F5EC81545DF1700AD9AC7 /* MCSocket.m */,
				EAD1426B154A9B70002EF252 /* MCSocketDelegate.h */,
				EAE4F2FD154874120070076E /* MCSlot.h */,
				EAE4F2FE154874120070076E /* MCSlot.m */,
				EAE4F3051548922A0070076E /* NSData+UserAdditions.h */,
				EAE4F3061548922A0070076E /* NSData+UserAdditions.m */,
				EA0F5ECA1545E70F00AD9AC7 /* MCPacket.h */,
				EA0F5ECB1545E70F00AD9AC7 /* MCPacket.m */,
				EAE4F30015487C390070076E /* MCWindow.h */,
				EAE4F30115487C390070076E /* MCWindow.m */,
				EA0F5EBF1545D62A00AD9AC7 /* MCPlayer.h */,
				EA0F5EC01545D62A00AD9AC7 /* MCPlayer.m */,
				EA0F5EC41545D64700AD9AC7 /* MCAuth.h */,
				EA0F5EC51545D64700AD9AC7 /* MCAuth.m */,
				EA0F5EC21545D64000AD9AC7 /* MCString.h */,
				EA0F5EC31545D64000AD9AC7 /* MCString.m */,
				EA0F5EA91545D5EB00AD9AC7 /* Supporting Files */,
			);
			path = Craftplayer;
			sourceTree = "<group>";
		};
		EA0F5EA91545D5EB00AD9AC7 /* Supporting Files */ = {
			isa = PBXGroup;
			children = (
				EA0F5EAA1545D5EB00AD9AC7 /* Craftplayer-Info.plist */,
				EA0F5EAB1545D5EB00AD9AC7 /* InfoPlist.strings */,
				EA0F5EAE1545D5EB00AD9AC7 /* main.m */,
				EA0F5EB01545D5EB00AD9AC7 /* Craftplayer-Prefix.pch */,
			);
			name = "Supporting Files";
			sourceTree = "<group>";
		};
		EAF21EA4154ABC4F00685F0A /* MCSendPacket */ = {
			isa = PBXGroup;
			children = (
				EAF21EBE154AC46F00685F0A /* MCSendPacket.h */,
				EAF21EBF154AC46F00685F0A /* MCSendPacket.m */,
				EAF21EA5154ABCD500685F0A /* MCChatPacket.h */,
				EAF21EA6154ABCD500685F0A /* MCChatPacket.m */,
				EAF21EB4154ABEEE00685F0A /* MCLoginPacket.h */,
				EAF21EB5154ABEEE00685F0A /* MCLoginPacket.m */,
				EAF21EBB154AC32B00685F0A /* MCHandshakePacket.h */,
				EAF21EBC154AC32B00685F0A /* MCHandshakePacket.m */,
			);
			name = MCSendPacket;
			sourceTree = "<group>";
		};
/* End PBXGroup section */

/* Begin PBXNativeTarget section */
		EA0F5E9D1545D5EB00AD9AC7 /* Craftplayer */ = {
			isa = PBXNativeTarget;
			buildConfigurationList = EA0F5EBC1545D5EB00AD9AC7 /* Build configuration list for PBXNativeTarget "Craftplayer" */;
			buildPhases = (
				EA0F5E9A1545D5EB00AD9AC7 /* Sources */,
				EA0F5E9B1545D5EB00AD9AC7 /* Frameworks */,
				EA0F5E9C1545D5EB00AD9AC7 /* Resources */,
			);
			buildRules = (
			);
			dependencies = (
			);
			name = Craftplayer;
			productName = Craftplayer;
			productReference = EA0F5E9E1545D5EB00AD9AC7 /* Craftplayer.app */;
			productType = "com.apple.product-type.application";
		};
/* End PBXNativeTarget section */

/* Begin PBXProject section */
		EA0F5E951545D5EB00AD9AC7 /* Project object */ = {
			isa = PBXProject;
			attributes = {
				CLASSPREFIX = MC;
				LastUpgradeCheck = 0430;
			};
			buildConfigurationList = EA0F5E981545D5EB00AD9AC7 /* Build configuration list for PBXProject "Craftplayer" */;
			compatibilityVersion = "Xcode 3.2";
			developmentRegion = English;
			hasScannedForEncodings = 0;
			knownRegions = (
				en,
			);
			mainGroup = EA0F5E931545D5EB00AD9AC7;
			productRefGroup = EA0F5E9F1545D5EB00AD9AC7 /* Products */;
			projectDirPath = "";
			projectRoot = "";
			targets = (
				EA0F5E9D1545D5EB00AD9AC7 /* Craftplayer */,
			);
		};
/* End PBXProject section */

/* Begin PBXResourcesBuildPhase section */
		EA0F5E9C1545D5EB00AD9AC7 /* Resources */ = {
			isa = PBXResourcesBuildPhase;
			buildActionMask = 2147483647;
			files = (
				EA0F5EAD1545D5EB00AD9AC7 /* InfoPlist.strings in Resources */,
				EA0F5EB91545D5EB00AD9AC7 /* MCViewController.xib in Resources */,
			);
			runOnlyForDeploymentPostprocessing = 0;
		};
/* End PBXResourcesBuildPhase section */

/* Begin PBXSourcesBuildPhase section */
		EA0F5E9A1545D5EB00AD9AC7 /* Sources */ = {
			isa = PBXSourcesBuildPhase;
			buildActionMask = 2147483647;
			files = (
				EAF21EC0154AC49100685F0A /* MCSendPacket.m in Sources */,
				EA0F5ECD1545E98B00AD9AC7 /* MCString.m in Sources */,
				EA0F5EAF1545D5EB00AD9AC7 /* main.m in Sources */,
				EA0F5EB31545D5EB00AD9AC7 /* MCAppDelegate.m in Sources */,
				EA0F5EB61545D5EB00AD9AC7 /* MCViewController.m in Sources */,
				EA0F5EC11545D62A00AD9AC7 /* MCPlayer.m in Sources */,
				EA0F5EC61545D64700AD9AC7 /* MCAuth.m in Sources */,
				EA0F5EC91545DF1700AD9AC7 /* MCSocket.m in Sources */,
				EA0F5ECC1545E70F00AD9AC7 /* MCPacket.m in Sources */,
				EA63E7711546D8E60047F97C /* MCEntity.m in Sources */,
				EA63E7741546DA720047F97C /* MCColor.m in Sources */,
				EAE4F2F81546FB510070076E /* MCMetadata.m in Sources */,
				EAE4F2FC1546FB820070076E /* MCEffect.m in Sources */,
				EAE4F2FF154874120070076E /* MCSlot.m in Sources */,
				EAE4F30215487C390070076E /* MCWindow.m in Sources */,
				EAE4F3071548922A0070076E /* NSData+UserAdditions.m in Sources */,
				EAF21EA7154ABCD500685F0A /* MCChatPacket.m in Sources */,
				EAF21EB6154ABEEE00685F0A /* MCLoginPacket.m in Sources */,
				EAF21EBD154AC32B00685F0A /* MCHandshakePacket.m in Sources */,
			);
			runOnlyForDeploymentPostprocessing = 0;
		};
/* End PBXSourcesBuildPhase section */

/* Begin PBXVariantGroup section */
		EA0F5EAB1545D5EB00AD9AC7 /* InfoPlist.strings */ = {
			isa = PBXVariantGroup;
			children = (
				EA0F5EAC1545D5EB00AD9AC7 /* en */,
			);
			name = InfoPlist.strings;
			sourceTree = "<group>";
		};
		EA0F5EB71545D5EB00AD9AC7 /* MCViewController.xib */ = {
			isa = PBXVariantGroup;
			children = (
				EA0F5EB81545D5EB00AD9AC7 /* en */,
			);
			name = MCViewController.xib;
			sourceTree = "<group>";
		};
/* End PBXVariantGroup section */

/* Begin XCBuildConfiguration section */
		EA0F5EBA1545D5EB00AD9AC7 /* Debug */ = {
			isa = XCBuildConfiguration;
			buildSettings = {
				ALWAYS_SEARCH_USER_PATHS = NO;
				ARCHS = "$(ARCHS_STANDARD_32_BIT)";
				"CODE_SIGN_IDENTITY[sdk=iphoneos*]" = "iPhone Developer";
				COPY_PHASE_STRIP = NO;
				GCC_C_LANGUAGE_STANDARD = gnu99;
				GCC_DYNAMIC_NO_PIC = NO;
				GCC_OPTIMIZATION_LEVEL = 0;
				GCC_PREPROCESSOR_DEFINITIONS = (
					"DEBUG=1",
					"$(inherited)",
				);
				GCC_SYMBOLS_PRIVATE_EXTERN = NO;
				GCC_VERSION = com.apple.compilers.llvm.clang.1_0;
				GCC_WARN_ABOUT_RETURN_TYPE = YES;
				GCC_WARN_UNINITIALIZED_AUTOS = YES;
				GCC_WARN_UNUSED_VARIABLE = YES;
				IPHONEOS_DEPLOYMENT_TARGET = 5.1;
				SDKROOT = iphoneos;
			};
			name = Debug;
		};
		EA0F5EBB1545D5EB00AD9AC7 /* Release */ = {
			isa = XCBuildConfiguration;
			buildSettings = {
				ALWAYS_SEARCH_USER_PATHS = NO;
				ARCHS = "$(ARCHS_STANDARD_32_BIT)";
				"CODE_SIGN_IDENTITY[sdk=iphoneos*]" = "iPhone Developer";
				COPY_PHASE_STRIP = YES;
				GCC_C_LANGUAGE_STANDARD = gnu99;
				GCC_VERSION = com.apple.compilers.llvm.clang.1_0;
				GCC_WARN_ABOUT_RETURN_TYPE = YES;
				GCC_WARN_UNINITIALIZED_AUTOS = YES;
				GCC_WARN_UNUSED_VARIABLE = YES;
				IPHONEOS_DEPLOYMENT_TARGET = 5.1;
				OTHER_CFLAGS = "-DNS_BLOCK_ASSERTIONS=1";
				SDKROOT = iphoneos;
				VALIDATE_PRODUCT = YES;
			};
			name = Release;
		};
		EA0F5EBD1545D5EB00AD9AC7 /* Debug */ = {
			isa = XCBuildConfiguration;
			buildSettings = {
				GCC_PRECOMPILE_PREFIX_HEADER = YES;
				GCC_PREFIX_HEADER = "Craftplayer/Craftplayer-Prefix.pch";
				INFOPLIST_FILE = "Craftplayer/Craftplayer-Info.plist";
				IPHONEOS_DEPLOYMENT_TARGET = 3.0;
				OTHER_CODE_SIGN_FLAGS = "-gta";
				PRODUCT_NAME = "$(TARGET_NAME)";
				WRAPPER_EXTENSION = app;
			};
			name = Debug;
		};
		EA0F5EBE1545D5EB00AD9AC7 /* Release */ = {
			isa = XCBuildConfiguration;
			buildSettings = {
				GCC_PRECOMPILE_PREFIX_HEADER = YES;
				GCC_PREFIX_HEADER = "Craftplayer/Craftplayer-Prefix.pch";
				INFOPLIST_FILE = "Craftplayer/Craftplayer-Info.plist";
				IPHONEOS_DEPLOYMENT_TARGET = 3.0;
				PRODUCT_NAME = "$(TARGET_NAME)";
				WRAPPER_EXTENSION = app;
			};
			name = Release;
		};
/* End XCBuildConfiguration section */

/* Begin XCConfigurationList section */
		EA0F5E981545D5EB00AD9AC7 /* Build configuration list for PBXProject "Craftplayer" */ = {
			isa = XCConfigurationList;
			buildConfigurations = (
				EA0F5EBA1545D5EB00AD9AC7 /* Debug */,
				EA0F5EBB1545D5EB00AD9AC7 /* Release */,
			);
			defaultConfigurationIsVisible = 0;
			defaultConfigurationName = Release;
		};
		EA0F5EBC1545D5EB00AD9AC7 /* Build configuration list for PBXNativeTarget "Craftplayer" */ = {
			isa = XCConfigurationList;
			buildConfigurations = (
				EA0F5EBD1545D5EB00AD9AC7 /* Debug */,
				EA0F5EBE1545D5EB00AD9AC7 /* Release */,
			);
			defaultConfigurationIsVisible = 0;
			defaultConfigurationName = Release;
		};
/* End XCConfigurationList section */
	};
	rootObject = EA0F5E951545D5EB00AD9AC7 /* Project object */;
}
